
Microsoft Visual Studio Solution File, Format Version 12.00
# Visual Studio Version 17
VisualStudioVersion = 17.8.34525.116
MinimumVisualStudioVersion = 10.0.40219.1
Project("{F184B08F-C81C-45F6-A57F-5ABD9991F28F}") = "ClinicaVeterinaria", "ClinicaVeterinaria\ClinicaVeterinaria.vbproj", "{0FAAE5DF-6D8B-46AD-A3AC-0FB5C136BA5B}"
EndProject
Global
	GlobalSection(SolutionConfigurationPlatforms) = preSolution
		Debug|Any CPU = Debug|Any CPU
		Release|Any CPU = Release|Any CPU
	EndGlobalSection
	GlobalSection(ProjectConfigurationPlatforms) = postSolution
		{0FAAE5DF-6D8B-46AD-A3AC-0FB5C136BA5B}.Debug|Any CPU.ActiveCfg = Debug|Any CPU
		{0FAAE5DF-6D8B-46AD-A3AC-0FB5C136BA5B}.Debug|Any CPU.Build.0 = Debug|Any CPU
		{0FAAE5DF-6D8B-46AD-A3AC-0FB5C136BA5B}.Release|Any CPU.ActiveCfg = Release|Any CPU
		{0FAAE5DF-6D8B-46AD-A3AC-0FB5C136BA5B}.Release|Any CPU.Build.0 = Release|Any CPU
	EndGlobalSection
	GlobalSection(SolutionProperties) = preSolution
		HideSolutionNode = FALSE
	EndGlobalSection
	GlobalSection(ExtensibilityGlobals) = postSolution
		SolutionGuid = {88C3955F-2480-47FC-A847-8E0B820F6228}
	EndGlobalSection
EndGlobal
